// !$*UTF8*$!
{
	archiveVersion = 1;
	classes = {
	};
	objectVersion = 50;
	objects = {

/* Begin PBXBuildFile section */
		D824BB0A21B6C627002B8FDE /* AppDelegate.swift in Sources */ = {isa = PBXBuildFile; fileRef = D824BB0921B6C627002B8FDE /* AppDelegate.swift */; };
		D824BB0C21B6C627002B8FDE /* GameScene.sks in Resources */ = {isa = PBXBuildFile; fileRef = D824BB0B21B6C627002B8FDE /* GameScene.sks */; };
		D824BB0E21B6C627002B8FDE /* Actions.sks in Resources */ = {isa = PBXBuildFile; fileRef = D824BB0D21B6C627002B8FDE /* Actions.sks */; };
		D824BB1021B6C627002B8FDE /* GameScene.swift in Sources */ = {isa = PBXBuildFile; fileRef = D824BB0F21B6C627002B8FDE /* GameScene.swift */; };
		D824BB1221B6C627002B8FDE /* GameViewController.swift in Sources */ = {isa = PBXBuildFile; fileRef = D824BB1121B6C627002B8FDE /* GameViewController.swift */; };
		D824BB1521B6C627002B8FDE /* Main.storyboard in Resources */ = {isa = PBXBuildFile; fileRef = D824BB1321B6C627002B8FDE /* Main.storyboard */; };
		D824BB1721B6C636002B8FDE /* Assets.xcassets in Resources */ = {isa = PBXBuildFile; fileRef = D824BB1621B6C636002B8FDE /* Assets.xcassets */; };
		D824BB1A21B6C637002B8FDE /* LaunchScreen.storyboard in Resources */ = {isa = PBXBuildFile; fileRef = D824BB1821B6C637002B8FDE /* LaunchScreen.storyboard */; };
/* End PBXBuildFile section */

/* Begin PBXFileReference section */
		D824BB0621B6C627002B8FDE /* Angry Bird Clone.app */ = {isa = PBXFileReference; explicitFileType = wrapper.application; includeInIndex = 0; path = "Angry Bird Clone.app"; sourceTree = BUILT_PRODUCTS_DIR; };
		D824BB0921B6C627002B8FDE /* AppDelegate.swift */ = {isa = PBXFileReference; lastKnownFileType = sourcecode.swift; path = AppDelegate.swift; sourceTree = "<group>"; };
		D824BB0B21B6C627002B8FDE /* GameScene.sks */ = {isa = PBXFileReference; lastKnownFileType = file.sks; path = GameScene.sks; sourceTree = "<group>"; };
		D824BB0D21B6C627002B8FDE /* Actions.sks */ = {isa = PBXFileReference; lastKnownFileType = file.sks; path = Actions.sks; sourceTree = "<group>"; };
		D824BB0F21B6C627002B8FDE /* GameScene.swift */ = {isa = PBXFileReference; lastKnownFileType = sourcecode.swift; path = GameScene.swift; sourceTree = "<group>"; };
		D824BB1121B6C627002B8FDE /* GameViewController.swift */ = {isa = PBXFileReference; lastKnownFileType = sourcecode.swift; path = GameViewController.swift; sourceTree = "<group>"; };
		D824BB1421B6C627002B8FDE /* Base */ = {isa = PBXFileReference; lastKnownFileType = file.storyboard; name = Base; path = Base.lproj/Main.storyboard; sourceTree = "<group>"; };
		D824BB1621B6C636002B8FDE /* Assets.xcassets */ = {isa = PBXFileReference; lastKnownFileType = folder.assetcatalog; path = Assets.xcassets; sourceTree = "<group>"; };
		D824BB1921B6C637002B8FDE /* Base */ = {isa = PBXFileReference; lastKnownFileType = file.storyboard; name = Base; path = Base.lproj/LaunchScreen.storyboard; sourceTree = "<group>"; };
		D824BB1B21B6C637002B8FDE /* Info.plist */ = {isa = PBXFileReference; lastKnownFileType = text.plist.xml; path = Info.plist; sourceTree = "<group>"; };
/* End PBXFileReference section */

/* Begin PBXFrameworksBuildPhase section */
		D824BB0321B6C627002B8FDE /* Frameworks */ = {
			isa = PBXFrameworksBuildPhase;
			buildActionMask = 2147483647;
			files = (
			);
			runOnlyForDeploymentPostprocessing = 0;
		};
/* End PBXFrameworksBuildPhase section */

/* Begin PBXGroup section */
		D824BAFD21B6C627002B8FDE = {
			isa = PBXGroup;
			children = (
				D824BB0821B6C627002B8FDE /* Angry Bird Clone */,
				D824BB0721B6C627002B8FDE /* Products */,
			);
			sourceTree = "<group>";
		};
		D824BB0721B6C627002B8FDE /* Products */ = {
			isa = PBXGroup;
			children = (
				D824BB0621B6C627002B8FDE /* Angry Bird Clone.app */,
			);
			name = Products;
			sourceTree = "<group>";
		};
		D824BB0821B6C627002B8FDE /* Angry Bird Clone */ = {
			isa = PBXGroup;
			children = (
				D824BB0921B6C627002B8FDE /* AppDelegate.swift */,
				D824BB0B21B6C627002B8FDE /* GameScene.sks */,
				D824BB0D21B6C627002B8FDE /* Actions.sks */,
				D824BB0F21B6C627002B8FDE /* GameScene.swift */,
				D824BB1121B6C627002B8FDE /* GameViewController.swift */,
				D824BB1321B6C627002B8FDE /* Main.storyboard */,
				D824BB1621B6C636002B8FDE /* Assets.xcassets */,
				D824BB1821B6C637002B8FDE /* LaunchScreen.storyboard */,
				D824BB1B21B6C637002B8FDE /* Info.plist */,
			);
			path = "Angry Bird Clone";
			sourceTree = "<group>";
		};
/* End PBXGroup section */

/* Begin PBXNativeTarget section */
		D824BB0521B6C627002B8FDE /* Angry Bird Clone */ = {
			isa = PBXNativeTarget;
			buildConfigurationList = D824BB1E21B6C637002B8FDE /* Build configuration list for PBXNativeTarget "Angry Bird Clone" */;
			buildPhases = (
				D824BB0221B6C627002B8FDE /* Sources */,
				D824BB0321B6C627002B8FDE /* Frameworks */,
				D824BB0421B6C627002B8FDE /* Resources */,
			);
			buildRules = (
			);
			dependencies = (
			);
			name = "Angry Bird Clone";
			productName = "Angry Bird Clone";
			productReference = D824BB0621B6C627002B8FDE /* Angry Bird Clone.app */;
			productType = "com.apple.product-type.application";
		};
/* End PBXNativeTarget section */

/* Begin PBXProject section */
		D824BAFE21B6C627002B8FDE /* Project object */ = {
			isa = PBXProject;
			attributes = {
				LastSwiftUpdateCheck = 1010;
				LastUpgradeCheck = 1010;
				ORGANIZATIONNAME = enes;
				TargetAttributes = {
					D824BB0521B6C627002B8FDE = {
						CreatedOnToolsVersion = 10.1;
					};
				};
			};
			buildConfigurationList = D824BB0121B6C627002B8FDE /* Build configuration list for PBXProject "Angry Bird Clone" */;
			compatibilityVersion = "Xcode 9.3";
			developmentRegion = en;
			hasScannedForEncodings = 0;
			knownRegions = (
				en,
				Base,
			);
			mainGroup = D824BAFD21B6C627002B8FDE;
			productRefGroup = D824BB0721B6C627002B8FDE /* Products */;
			projectDirPath = "";
			projectRoot = "";
			targets = (
				D824BB0521B6C627002B8FDE /* Angry Bird Clone */,
			);
		};
/* End PBXProject section */

/* Begin PBXResourcesBuildPhase section */
		D824BB0421B6C627002B8FDE /* Resources */ = {
			isa = PBXResourcesBuildPhase;
			buildActionMask = 2147483647;
			files = (
				D824BB1521B6C627002B8FDE /* Main.storyboard in Resources */,
				D824BB0C21B6C627002B8FDE /* GameScene.sks in Resources */,
				D824BB1721B6C636002B8FDE /* Assets.xcassets in Resources */,
				D824BB1A21B6C637002B8FDE /* LaunchScreen.storyboard in Resources */,
				D824BB0E21B6C627002B8FDE /* Actions.sks in Resources */,
			);
			runOnlyForDeploymentPostprocessing = 0;
		};
/* End PBXResourcesBuildPhase section */

/* Begin PBXSourcesBuildPhase section */
		D824BB0221B6C627002B8FDE /* Sources */ = {
			isa = PBXSourcesBuildPhase;
			buildActionMask = 2147483647;
			files = (
				D824BB1021B6C627002B8FDE /* GameScene.swift in Sources */,
				D824BB1221B6C627002B8FDE /* GameViewController.swift in Sources */,
				D824BB0A21B6C627002B8FDE /* AppDelegate.swift in Sources */,
			);
			runOnlyForDeploymentPostprocessing = 0;
		};
/* End PBXSourcesBuildPhase section */

/* Begin PBXVariantGroup section */
		D824BB1321B6C627002B8FDE /* Main.storyboard */ = {
			isa = PBXVariantGroup;
			children = (
				D824BB1421B6C627002B8FDE /* Base */,
			);
			name = Main.storyboard;
			sourceTree = "<group>";
		};
		D824BB1821B6C637002B8FDE /* LaunchScreen.storyboard */ = {
			isa = PBXVariantGroup;
			children = (
				D824BB1921B6C637002B8FDE /* Base */,
			);
			name = LaunchScreen.storyboard;
			sourceTree = "<group>";
		};
/* End PBXVariantGroup section */

/* Begin XCBuildConfiguration section */
		D824BB1C21B6C637002B8FDE /* Debug */ = {
			isa = XCBuildConfiguration;
			buildSettings = {
				ALWAYS_SEARCH_USER_PATHS = NO;
				CLANG_ANALYZER_NONNULL = YES;
				CLANG_ANALYZER_NUMBER_OBJECT_CONVERSION = YES_AGGRESSIVE;
				CLANG_CXX_LANGUAGE_STANDARD = "gnu++14";
				CLANG_CXX_LIBRARY = "libc++";
				CLANG_ENABLE_MODULES = YES;
				CLANG_ENABLE_OBJC_ARC = YES;
				CLANG_ENABLE_OBJC_WEAK = YES;
				CLANG_WARN_BLOCK_CAPTURE_AUTORELEASING = YES;
				CLANG_WARN_BOOL_CONVERSION = YES;
				CLANG_WARN_COMMA = YES;
				CLANG_WARN_CONSTANT_CONVERSION = YES;
				CLANG_WARN_DEPRECATED_OBJC_IMPLEMENTATIONS = YES;
				CLANG_WARN_DIRECT_OBJC_ISA_USAGE = YES_ERROR;
				CLANG_WARN_DOCUMENTATION_COMMENTS = YES;
				CLANG_WARN_EMPTY_BODY = YES;
				CLANG_WARN_ENUM_CONVERSION = YES;
				CLANG_WARN_INFINITE_RECURSION = YES;
				CLANG_WARN_INT_CONVERSION = YES;
				CLANG_WARN_NON_LITERAL_NULL_CONVERSION = YES;
				CLANG_WARN_OBJC_IMPLICIT_RETAIN_SELF = YES;
				CLANG_WARN_OBJC_LITERAL_CONVERSION = YES;
				CLANG_WARN_OBJC_ROOT_CLASS = YES_ERROR;
				CLANG_WARN_RANGE_LOOP_ANALYSIS = YES;
				CLANG_WARN_STRICT_PROTOTYPES = YES;
				CLANG_WARN_SUSPICIOUS_MOVE = YES;
				CLANG_WARN_UNGUARDED_AVAILABILITY = YES_AGGRESSIVE;
				CLANG_WARN_UNREACHABLE_CODE = YES;
				CLANG_WARN__DUPLICATE_METHOD_MATCH = YES;
				CODE_SIGN_IDENTITY = "iPhone Developer";
				COPY_PHASE_STRIP = NO;
				DEBUG_INFORMATION_FORMAT = dwarf;
				ENABLE_STRICT_OBJC_MSGSEND = YES;
				ENABLE_TESTABILITY = YES;
				GCC_C_LANGUAGE_STANDARD = gnu11;
				GCC_DYNAMIC_NO_PIC = NO;
				GCC_NO_COMMON_BLOCKS = YES;
				GCC_OPTIMIZATION_LEVEL = 0;
				GCC_PREPROCESSOR_DEFINITIONS = (
					"DEBUG=1",
					"$(inherited)",
				);
				GCC_WARN_64_TO_32_BIT_CONVERSION = YES;
				GCC_WARN_ABOUT_RETURN_TYPE = YES_ERROR;
				GCC_WARN_UNDECLARED_SELECTOR = YES;
				GCC_WARN_UNINITIALIZED_AUTOS = YES_AGGRESSIVE;
				GCC_WARN_UNUSED_FUNCTION = YES;
				GCC_WARN_UNUSED_VARIABLE = YES;
				IPHONEOS_DEPLOYMENT_TARGET = 12.1;
				MTL_ENABLE_DEBUG_INFO = INCLUDE_SOURCE;
				MTL_FAST_MATH = YES;
				ONLY_ACTIVE_ARCH = YES;
				SDKROOT = iphoneos;
				SWIFT_ACTIVE_COMPILATION_CONDITIONS = DEBUG;
				SWIFT_OPTIMIZATION_LEVEL = "-Onone";
			};
			name = Debug;
		};
		D824BB1D21B6C637002B8FDE /* Release */ = {
			isa = XCBuildConfiguration;
			buildSettings = {
				ALWAYS_SEARCH_USER_PATHS = NO;
				CLANG_ANALYZER_NONNULL = YES;
				CLANG_ANALYZER_NUMBER_OBJECT_CONVERSION = YES_AGGRESSIVE;
				CLANG_CXX_LANGUAGE_STANDARD = "gnu++14";
				CLANG_CXX_LIBRARY = "libc++";
				CLANG_ENABLE_MODULES = YES;
				CLANG_ENABLE_OBJC_ARC = YES;
				CLANG_ENABLE_OBJC_WEAK = YES;
				CLANG_WARN_BLOCK_CAPTURE_AUTORELEASING = YES;
				CLANG_WARN_BOOL_CONVERSION = YES;
				CLANG_WARN_COMMA = YES;
				CLANG_WARN_CONSTANT_CONVERSION = YES;
				CLANG_WARN_DEPRECATED_OBJC_IMPLEMENTATIONS = YES;
				CLANG_WARN_DIRECT_OBJC_ISA_USAGE = YES_ERROR;
				CLANG_WARN_DOCUMENTATION_COMMENTS = YES;
				CLANG_WARN_EMPTY_BODY = YES;
				CLANG_WARN_ENUM_CONVERSION = YES;
				CLANG_WARN_INFINITE_RECURSION = YES;
				CLANG_WARN_INT_CONVERSION = YES;
				CLANG_WARN_NON_LITERAL_NULL_CONVERSION = YES;
				CLANG_WARN_OBJC_IMPLICIT_RETAIN_SELF = YES;
				CLANG_WARN_OBJC_LITERAL_CONVERSION = YES;
				CLANG_WARN_OBJC_ROOT_CLASS = YES_ERROR;
				CLANG_WARN_RANGE_LOOP_ANALYSIS = YES;
				CLANG_WARN_STRICT_PROTOTYPES = YES;
				CLANG_WARN_SUSPICIOUS_MOVE = YES;
				CLANG_WARN_UNGUARDED_AVAILABILITY = YES_AGGRESSIVE;
				CLANG_WARN_UNREACHABLE_CODE = YES;
				CLANG_WARN__DUPLICATE_METHOD_MATCH = YES;
				CODE_SIGN_IDENTITY = "iPhone Developer";
				COPY_PHASE_STRIP = NO;
				DEBUG_INFORMATION_FORMAT = "dwarf-with-dsym";
				ENABLE_NS_ASSERTIONS = NO;
				ENABLE_STRICT_OBJC_MSGSEND = YES;
				GCC_C_LANGUAGE_STANDARD = gnu11;
				GCC_NO_COMMON_BLOCKS = YES;
				GCC_WARN_64_TO_32_BIT_CONVERSION = YES;
				GCC_WARN_ABOUT_RETURN_TYPE = YES_ERROR;
				GCC_WARN_UNDECLARED_SELECTOR = YES;
				GCC_WARN_UNINITIALIZED_AUTOS = YES_AGGRESSIVE;
				GCC_WARN_UNUSED_FUNCTION = YES;
				GCC_WARN_UNUSED_VARIABLE = YES;
				IPHONEOS_DEPLOYMENT_TARGET = 12.1;
				MTL_ENABLE_DEBUG_INFO = NO;
				MTL_FAST_MATH = YES;
				SDKROOT = iphoneos;
				SWIFT_COMPILATION_MODE = wholemodule;
				SWIFT_OPTIMIZATION_LEVEL = "-O";
				VALIDATE_PRODUCT = YES;
			};
			name = Release;
		};
		D824BB1F21B6C637002B8FDE /* Debug */ = {
			isa = XCBuildConfiguration;
			buildSettings = {
				ASSETCATALOG_COMPILER_APPICON_NAME = AppIcon;
				CODE_SIGN_STYLE = Automatic;
				INFOPLIST_FILE = "Angry Bird Clone/Info.plist";
				LD_RUNPATH_SEARCH_PATHS = (
					"$(inherited)",
					"@executable_path/Frameworks",
				);
				PRODUCT_BUNDLE_IDENTIFIER = "com.akademobi.Angry-Bird-Clone";
				PRODUCT_NAME = "$(TARGET_NAME)";
				SWIFT_VERSION = 4.2;
				TARGETED_DEVICE_FAMILY = "1,2";
			};
			name = Debug;
		};
		D824BB2021B6C637002B8FDE /* Release */ = {
			isa = XCBuildConfiguration;
			buildSettings = {
				ASSETCATALOG_COMPILER_APPICON_NAME = AppIcon;
				CODE_SIGN_STYLE = Automatic;
				INFOPLIST_FILE = "Angry Bird Clone/Info.plist";
				LD_RUNPATH_SEARCH_PATHS = (
					"$(inherited)",
					"@executable_path/Frameworks",
				);
				PRODUCT_BUNDLE_IDENTIFIER = "com.akademobi.Angry-Bird-Clone";
				PRODUCT_NAME = "$(TARGET_NAME)";
				SWIFT_VERSION = 4.2;
				TARGETED_DEVICE_FAMILY = "1,2";
			};
			name = Release;
		};
/* End XCBuildConfiguration section */

/* Begin XCConfigurationList section */
		D824BB0121B6C627002B8FDE /* Build configuration list for PBXProject "Angry Bird Clone" */ = {
			isa = XCConfigurationList;
			buildConfigurations = (
				D824BB1C21B6C637002B8FDE /* Debug */,
				D824BB1D21B6C637002B8FDE /* Release */,
			);
			defaultConfigurationIsVisible = 0;
			defaultConfigurationName = Release;
		};
		D824BB1E21B6C637002B8FDE /* Build configuration list for PBXNativeTarget "Angry Bird Clone" */ = {
			isa = XCConfigurationList;
			buildConfigurations = (
				D824BB1F21B6C637002B8FDE /* Debug */,
				D824BB2021B6C637002B8FDE /* Release */,
			);
			defaultConfigurationIsVisible = 0;
			defaultConfigurationName = Release;
		};
/* End XCConfigurationList section */
	};
	rootObject = D824BAFE21B6C627002B8FDE /* Project object */;
}
